
Microsoft Visual Studio Solution File, Format Version 11.00
# Visual Studio 2010
Project("{FAE04EC0-301F-11D3-BF4B-00C04F79EFBC}") = "Zenject", "Zenject.csproj", "{6e534abe-5004-39a9-57d0-cdee3722266f}"
EndProject
Project("{FAE04EC0-301F-11D3-BF4B-00C04F79EFBC}") = "Code", "Code.csproj", "{9c5ed9ef-d245-2b05-62cd-301cab4f8453}"
EndProject
Project("{FAE04EC0-301F-11D3-BF4B-00C04F79EFBC}") = "Gamelib.ScreenManager.Runtime", "Gamelib.ScreenManager.Runtime.csproj", "{09b36a09-d07a-cc04-d4bb-d9302acd842e}"
EndProject
Project("{FAE04EC0-301F-11D3-BF4B-00C04F79EFBC}") = "com.supremestranger.leoecs-lite-physics", "com.supremestranger.leoecs-lite-physics.csproj", "{d8aaac0b-8f17-0b20-7543-fce16dd03406}"
EndProject
Project("{FAE04EC0-301F-11D3-BF4B-00C04F79EFBC}") = "Zenject-IntegrationTests", "Zenject-IntegrationTests.csproj", "{52d43061-c805-f730-e0dd-e149d8f57457}"
EndProject
Project("{FAE04EC0-301F-11D3-BF4B-00C04F79EFBC}") = "Zenject-IntegrationTests-Editor", "Zenject-IntegrationTests-Editor.csproj", "{e03a9214-05f2-6f41-6627-af9d40a665d9}"
EndProject
Project("{FAE04EC0-301F-11D3-BF4B-00C04F79EFBC}") = "GameLib.ObjectPool.Runtime", "GameLib.ObjectPool.Runtime.csproj", "{3862603d-bdd3-5349-cd0e-e8f85bfac781}"
EndProject
Project("{FAE04EC0-301F-11D3-BF4B-00C04F79EFBC}") = "LeoEcsLiteEntityConverter", "LeoEcsLiteEntityConverter.csproj", "{c77ecb3d-704d-79c0-5069-499454f0fad0}"
EndProject
Project("{FAE04EC0-301F-11D3-BF4B-00C04F79EFBC}") = "Zenject-PoolMonitor-Editor", "Zenject-PoolMonitor-Editor.csproj", "{bfa0a3da-85ad-ce2b-0f28-981f7a3b404e}"
EndProject
Project("{FAE04EC0-301F-11D3-BF4B-00C04F79EFBC}") = "Zenject-UnitTests-Editor", "Zenject-UnitTests-Editor.csproj", "{1d317f6e-5d8b-aa99-b519-877f1d8c0118}"
EndProject
Project("{FAE04EC0-301F-11D3-BF4B-00C04F79EFBC}") = "Zenject-ReflectionBaking-Editor", "Zenject-ReflectionBaking-Editor.csproj", "{57c1234d-b24d-20a1-bef4-9ff2fac469ae}"
EndProject
Project("{FAE04EC0-301F-11D3-BF4B-00C04F79EFBC}") = "Zenject-TestFramework", "Zenject-TestFramework.csproj", "{d9592f77-e49f-a2a7-7e1f-99523eb9d25c}"
EndProject
Project("{FAE04EC0-301F-11D3-BF4B-00C04F79EFBC}") = "Zenject-Editor", "Zenject-Editor.csproj", "{144f00f8-9f09-c716-695f-39f54c827d13}"
EndProject
Project("{FAE04EC0-301F-11D3-BF4B-00C04F79EFBC}") = "Assembly-CSharp", "Assembly-CSharp.csproj", "{a0ac4623-b346-57ca-29be-4692d2c482ea}"
EndProject
Project("{FAE04EC0-301F-11D3-BF4B-00C04F79EFBC}") = "Assembly-CSharp-firstpass", "Assembly-CSharp-firstpass.csproj", "{7f91f730-5817-4a5d-f23b-332d13130881}"
EndProject
Global
	GlobalSection(SolutionConfigurationPlatforms) = preSolution
		Debug|Any CPU = Debug|Any CPU
	EndGlobalSection
	GlobalSection(ProjectConfigurationPlatforms) = postSolution
		{6e534abe-5004-39a9-57d0-cdee3722266f}.Debug|Any CPU.ActiveCfg = Debug|Any CPU
		{6e534abe-5004-39a9-57d0-cdee3722266f}.Debug|Any CPU.Build.0 = Debug|Any CPU
		{9c5ed9ef-d245-2b05-62cd-301cab4f8453}.Debug|Any CPU.ActiveCfg = Debug|Any CPU
		{9c5ed9ef-d245-2b05-62cd-301cab4f8453}.Debug|Any CPU.Build.0 = Debug|Any CPU
		{09b36a09-d07a-cc04-d4bb-d9302acd842e}.Debug|Any CPU.ActiveCfg = Debug|Any CPU
		{09b36a09-d07a-cc04-d4bb-d9302acd842e}.Debug|Any CPU.Build.0 = Debug|Any CPU
		{d8aaac0b-8f17-0b20-7543-fce16dd03406}.Debug|Any CPU.ActiveCfg = Debug|Any CPU
		{d8aaac0b-8f17-0b20-7543-fce16dd03406}.Debug|Any CPU.Build.0 = Debug|Any CPU
		{52d43061-c805-f730-e0dd-e149d8f57457}.Debug|Any CPU.ActiveCfg = Debug|Any CPU
		{52d43061-c805-f730-e0dd-e149d8f57457}.Debug|Any CPU.Build.0 = Debug|Any CPU
		{e03a9214-05f2-6f41-6627-af9d40a665d9}.Debug|Any CPU.ActiveCfg = Debug|Any CPU
		{e03a9214-05f2-6f41-6627-af9d40a665d9}.Debug|Any CPU.Build.0 = Debug|Any CPU
		{3862603d-bdd3-5349-cd0e-e8f85bfac781}.Debug|Any CPU.ActiveCfg = Debug|Any CPU
		{3862603d-bdd3-5349-cd0e-e8f85bfac781}.Debug|Any CPU.Build.0 = Debug|Any CPU
		{c77ecb3d-704d-79c0-5069-499454f0fad0}.Debug|Any CPU.ActiveCfg = Debug|Any CPU
		{c77ecb3d-704d-79c0-5069-499454f0fad0}.Debug|Any CPU.Build.0 = Debug|Any CPU
		{bfa0a3da-85ad-ce2b-0f28-981f7a3b404e}.Debug|Any CPU.ActiveCfg = Debug|Any CPU
		{bfa0a3da-85ad-ce2b-0f28-981f7a3b404e}.Debug|Any CPU.Build.0 = Debug|Any CPU
		{1d317f6e-5d8b-aa99-b519-877f1d8c0118}.Debug|Any CPU.ActiveCfg = Debug|Any CPU
		{1d317f6e-5d8b-aa99-b519-877f1d8c0118}.Debug|Any CPU.Build.0 = Debug|Any CPU
		{57c1234d-b24d-20a1-bef4-9ff2fac469ae}.Debug|Any CPU.ActiveCfg = Debug|Any CPU
		{57c1234d-b24d-20a1-bef4-9ff2fac469ae}.Debug|Any CPU.Build.0 = Debug|Any CPU
		{d9592f77-e49f-a2a7-7e1f-99523eb9d25c}.Debug|Any CPU.ActiveCfg = Debug|Any CPU
		{d9592f77-e49f-a2a7-7e1f-99523eb9d25c}.Debug|Any CPU.Build.0 = Debug|Any CPU
		{144f00f8-9f09-c716-695f-39f54c827d13}.Debug|Any CPU.ActiveCfg = Debug|Any CPU
		{144f00f8-9f09-c716-695f-39f54c827d13}.Debug|Any CPU.Build.0 = Debug|Any CPU
		{a0ac4623-b346-57ca-29be-4692d2c482ea}.Debug|Any CPU.ActiveCfg = Debug|Any CPU
		{a0ac4623-b346-57ca-29be-4692d2c482ea}.Debug|Any CPU.Build.0 = Debug|Any CPU
		{7f91f730-5817-4a5d-f23b-332d13130881}.Debug|Any CPU.ActiveCfg = Debug|Any CPU
		{7f91f730-5817-4a5d-f23b-332d13130881}.Debug|Any CPU.Build.0 = Debug|Any CPU
	EndGlobalSection
	GlobalSection(SolutionProperties) = preSolution
		HideSolutionNode = FALSE
	EndGlobalSection
EndGlobal
